
Microsoft Visual Studio Solution File, Format Version 12.00
Project("{FAE04EC0-301F-11D3-BF4B-00C04F79EFBC}") = "TheDialgaTeam.FossilFighters.Tool.Cli", "TheDialgaTeam.FossilFighters.Tool.Cli\TheDialgaTeam.FossilFighters.Tool.Cli.csproj", "{BE7E123C-32B4-4D1D-9BCB-02C2A48D346B}"
EndProject
Project("{FAE04EC0-301F-11D3-BF4B-00C04F79EFBC}") = "TheDialgaTeam.FossilFighters.Assets", "TheDialgaTeam.FossilFighters.Assets\TheDialgaTeam.FossilFighters.Assets.csproj", "{40711701-F092-48D2-8914-E069C8D08741}"
EndProject
Project("{FAE04EC0-301F-11D3-BF4B-00C04F79EFBC}") = "TheDialgaTeam.FossilFighters.Tool.Gui", "TheDialgaTeam.FossilFighters.Tool.Gui\TheDialgaTeam.FossilFighters.Tool.Gui.csproj", "{51214419-0C5F-4297-8A13-E7567C2D2729}"
EndProject
Global
	GlobalSection(SolutionConfigurationPlatforms) = preSolution
		Debug|Any CPU = Debug|Any CPU
		Release|Any CPU = Release|Any CPU
	EndGlobalSection
	GlobalSection(ProjectConfigurationPlatforms) = postSolution
		{BE7E123C-32B4-4D1D-9BCB-02C2A48D346B}.Debug|Any CPU.ActiveCfg = Debug|Any CPU
		{BE7E123C-32B4-4D1D-9BCB-02C2A48D346B}.Debug|Any CPU.Build.0 = Debug|Any CPU
		{BE7E123C-32B4-4D1D-9BCB-02C2A48D346B}.Release|Any CPU.ActiveCfg = Release|Any CPU
		{BE7E123C-32B4-4D1D-9BCB-02C2A48D346B}.Release|Any CPU.Build.0 = Release|Any CPU
		{BE7E123C-32B4-4D1D-9BCB-02C2A48D346B}.Release|Any CPU.Deploy.0 = Release|Any CPU
		{40711701-F092-48D2-8914-E069C8D08741}.Debug|Any CPU.ActiveCfg = Debug|Any CPU
		{40711701-F092-48D2-8914-E069C8D08741}.Debug|Any CPU.Build.0 = Debug|Any CPU
		{40711701-F092-48D2-8914-E069C8D08741}.Release|Any CPU.ActiveCfg = Release|Any CPU
		{40711701-F092-48D2-8914-E069C8D08741}.Release|Any CPU.Build.0 = Release|Any CPU
		{51214419-0C5F-4297-8A13-E7567C2D2729}.Debug|Any CPU.ActiveCfg = Debug|Any CPU
		{51214419-0C5F-4297-8A13-E7567C2D2729}.Debug|Any CPU.Build.0 = Debug|Any CPU
		{51214419-0C5F-4297-8A13-E7567C2D2729}.Release|Any CPU.ActiveCfg = Release|Any CPU
		{51214419-0C5F-4297-8A13-E7567C2D2729}.Release|Any CPU.Build.0 = Release|Any CPU
	EndGlobalSection
EndGlobal
